
Microsoft Visual Studio Solution File, Format Version 12.00
# Visual Studio Version 16
VisualStudioVersion = 16.0.31313.79
MinimumVisualStudioVersion = 10.0.40219.1
Project("{FAE04EC0-301F-11D3-BF4B-00C04F79EFBC}") = "Plutus.Api", "Plutus.Api.csproj", "{B47FDED8-F12F-45FE-8404-CE2606BA8A9D}"
EndProject
Global
	GlobalSection(SolutionConfigurationPlatforms) = preSolution
		Debug|Any CPU = Debug|Any CPU
		Release|Any CPU = Release|Any CPU
	EndGlobalSection
	GlobalSection(ProjectConfigurationPlatforms) = postSolution
		{B47FDED8-F12F-45FE-8404-CE2606BA8A9D}.Debug|Any CPU.ActiveCfg = Debug|Any CPU
		{B47FDED8-F12F-45FE-8404-CE2606BA8A9D}.Debug|Any CPU.Build.0 = Debug|Any CPU
		{B47FDED8-F12F-45FE-8404-CE2606BA8A9D}.Release|Any CPU.ActiveCfg = Release|Any CPU
		{B47FDED8-F12F-45FE-8404-CE2606BA8A9D}.Release|Any CPU.Build.0 = Release|Any CPU
	EndGlobalSection
	GlobalSection(SolutionProperties) = preSolution
		HideSolutionNode = FALSE
	EndGlobalSection
	GlobalSection(ExtensibilityGlobals) = postSolution
		SolutionGuid = {3255B084-03A0-4B28-B7DE-09C3A3876100}
	EndGlobalSection
EndGlobal
