Microsoft Visual Studio Solution File, Format Version 12.00
# Visual Studio Version 17
VisualStudioVersion = 17.0.31611.283
MinimumVisualStudioVersion = 10.0.40219.1
Project("{9A19103F-16F7-4668-BE54-9A1E7A4F7556}") = "Plutus", "Plutus\Plutus.csproj", "{AE942846-064C-4734-BAAE-D91890241ED6}"
EndProject
Project("{9A19103F-16F7-4668-BE54-9A1E7A4F7556}") = "Plutus.Data", "Plutus.Data\Plutus.Data.csproj", "{350EB9FA-6B18-413B-948E-F2059C4EF054}"
EndProject
Project("{9A19103F-16F7-4668-BE54-9A1E7A4F7556}") = "Plutus.Application", "Plutus.Application\Plutus.Application.csproj", "{3D3F2B55-F573-4BAE-86DF-05F4B2F5182E}"
EndProject
Project("{9A19103F-16F7-4668-BE54-9A1E7A4F7556}") = "Plutus.Migrations", "Plutus.Migrations\Plutus.Migrations.csproj", "{B84033DF-5C8A-496C-B53E-94E083B6D057}"
EndProject
Project("{FAE04EC0-301F-11D3-BF4B-00C04F79EFBC}") = "Plutus.WASM", "Plutus.WASM\Plutus.WASM.csproj", "{7DAF81CA-6FF8-4C93-9DC0-5A2042BACDCB}"
EndProject
Global
	GlobalSection(SolutionConfigurationPlatforms) = preSolution
		Debug|Any CPU = Debug|Any CPU
		Release|Any CPU = Release|Any CPU
	EndGlobalSection
	GlobalSection(ProjectConfigurationPlatforms) = postSolution
		{AE942846-064C-4734-BAAE-D91890241ED6}.Debug|Any CPU.ActiveCfg = Debug|Any CPU
		{AE942846-064C-4734-BAAE-D91890241ED6}.Debug|Any CPU.Build.0 = Debug|Any CPU
		{AE942846-064C-4734-BAAE-D91890241ED6}.Debug|Any CPU.Deploy.0 = Debug|Any CPU
		{AE942846-064C-4734-BAAE-D91890241ED6}.Release|Any CPU.ActiveCfg = Release|Any CPU
		{AE942846-064C-4734-BAAE-D91890241ED6}.Release|Any CPU.Build.0 = Release|Any CPU
		{AE942846-064C-4734-BAAE-D91890241ED6}.Release|Any CPU.Deploy.0 = Release|Any CPU
		{350EB9FA-6B18-413B-948E-F2059C4EF054}.Debug|Any CPU.ActiveCfg = Debug|Any CPU
		{350EB9FA-6B18-413B-948E-F2059C4EF054}.Debug|Any CPU.Build.0 = Debug|Any CPU
		{350EB9FA-6B18-413B-948E-F2059C4EF054}.Release|Any CPU.ActiveCfg = Release|Any CPU
		{350EB9FA-6B18-413B-948E-F2059C4EF054}.Release|Any CPU.Build.0 = Release|Any CPU
		{3D3F2B55-F573-4BAE-86DF-05F4B2F5182E}.Debug|Any CPU.ActiveCfg = Debug|Any CPU
		{3D3F2B55-F573-4BAE-86DF-05F4B2F5182E}.Debug|Any CPU.Build.0 = Debug|Any CPU
		{3D3F2B55-F573-4BAE-86DF-05F4B2F5182E}.Release|Any CPU.ActiveCfg = Release|Any CPU
		{3D3F2B55-F573-4BAE-86DF-05F4B2F5182E}.Release|Any CPU.Build.0 = Release|Any CPU
		{B84033DF-5C8A-496C-B53E-94E083B6D057}.Debug|Any CPU.ActiveCfg = Debug|Any CPU
		{B84033DF-5C8A-496C-B53E-94E083B6D057}.Debug|Any CPU.Build.0 = Debug|Any CPU
		{B84033DF-5C8A-496C-B53E-94E083B6D057}.Release|Any CPU.ActiveCfg = Release|Any CPU
		{B84033DF-5C8A-496C-B53E-94E083B6D057}.Release|Any CPU.Build.0 = Release|Any CPU
		{7DAF81CA-6FF8-4C93-9DC0-5A2042BACDCB}.Debug|Any CPU.ActiveCfg = Debug|Any CPU
		{7DAF81CA-6FF8-4C93-9DC0-5A2042BACDCB}.Debug|Any CPU.Build.0 = Debug|Any CPU
		{7DAF81CA-6FF8-4C93-9DC0-5A2042BACDCB}.Release|Any CPU.ActiveCfg = Release|Any CPU
		{7DAF81CA-6FF8-4C93-9DC0-5A2042BACDCB}.Release|Any CPU.Build.0 = Release|Any CPU
	EndGlobalSection
	GlobalSection(SolutionProperties) = preSolution
		HideSolutionNode = FALSE
	EndGlobalSection
	GlobalSection(ExtensibilityGlobals) = postSolution
		SolutionGuid = {61F7FB11-1E47-470C-91E2-47F8143E1572}
	EndGlobalSection
EndGlobal
